
Microsoft Visual Studio Solution File, Format Version 12.00
# Visual Studio Version 17
VisualStudioVersion = 17.8.34227.203
MinimumVisualStudioVersion = 10.0.40219.1
Project("{FAE04EC0-301F-11D3-BF4B-00C04F79EFBC}") = "BlazorTestPdfViewer23", "BlazorTestPdfViewer23\BlazorTestPdfViewer23.csproj", "{89A821FA-CB25-4E45-886E-55A7DA9025ED}"
EndProject
Global
	GlobalSection(SolutionConfigurationPlatforms) = preSolution
		Debug|Any CPU = Debug|Any CPU
		Release|Any CPU = Release|Any CPU
	EndGlobalSection
	GlobalSection(ProjectConfigurationPlatforms) = postSolution
		{89A821FA-CB25-4E45-886E-55A7DA9025ED}.Debug|Any CPU.ActiveCfg = Debug|Any CPU
		{89A821FA-CB25-4E45-886E-55A7DA9025ED}.Debug|Any CPU.Build.0 = Debug|Any CPU
		{89A821FA-CB25-4E45-886E-55A7DA9025ED}.Release|Any CPU.ActiveCfg = Release|Any CPU
		{89A821FA-CB25-4E45-886E-55A7DA9025ED}.Release|Any CPU.Build.0 = Release|Any CPU
	EndGlobalSection
	GlobalSection(SolutionProperties) = preSolution
		HideSolutionNode = FALSE
	EndGlobalSection
	GlobalSection(ExtensibilityGlobals) = postSolution
		SolutionGuid = {0A002441-4F88-4ECE-B381-2AD5D8E25EAD}
	EndGlobalSection
EndGlobal
